// !$*UTF8*$!
{
	archiveVersion = 1;
	classes = {
	};
	objectVersion = 55;
	objects = {

/* Begin PBXBuildFile section */
		0D6709F428053AB30022A103 /* AppDelegate.swift in Sources */ = {isa = PBXBuildFile; fileRef = 0D6709F328053AB30022A103 /* AppDelegate.swift */; };
		0D6709F628053AB30022A103 /* SceneDelegate.swift in Sources */ = {isa = PBXBuildFile; fileRef = 0D6709F528053AB30022A103 /* SceneDelegate.swift */; };
		0D6709FB28053AB30022A103 /* Main.storyboard in Resources */ = {isa = PBXBuildFile; fileRef = 0D6709F928053AB30022A103 /* Main.storyboard */; };
		0D6709FD28053AB30022A103 /* Assets.xcassets in Resources */ = {isa = PBXBuildFile; fileRef = 0D6709FC28053AB30022A103 /* Assets.xcassets */; };
		0D670A0028053AB30022A103 /* LaunchScreen.storyboard in Resources */ = {isa = PBXBuildFile; fileRef = 0D6709FE28053AB30022A103 /* LaunchScreen.storyboard */; };
		0D670A0B28053AB30022A103 /* FiservAssignmentTests.swift in Sources */ = {isa = PBXBuildFile; fileRef = 0D670A0A28053AB30022A103 /* FiservAssignmentTests.swift */; };
		0D670A1528053AB30022A103 /* FiservAssignmentUITests.swift in Sources */ = {isa = PBXBuildFile; fileRef = 0D670A1428053AB30022A103 /* FiservAssignmentUITests.swift */; };
		0D670A1728053AB30022A103 /* FiservAssignmentUITestsLaunchTests.swift in Sources */ = {isa = PBXBuildFile; fileRef = 0D670A1628053AB30022A103 /* FiservAssignmentUITestsLaunchTests.swift */; };
		0D670A2428053B820022A103 /* ProductViewModel.swift in Sources */ = {isa = PBXBuildFile; fileRef = 0D670A2328053B820022A103 /* ProductViewModel.swift */; };
		0D670A2628053BB10022A103 /* NetworkManager.swift in Sources */ = {isa = PBXBuildFile; fileRef = 0D670A2528053BB10022A103 /* NetworkManager.swift */; };
		0D670A2828053BCC0022A103 /* Constants.swift in Sources */ = {isa = PBXBuildFile; fileRef = 0D670A2728053BCC0022A103 /* Constants.swift */; };
		0D670A2A28053BEF0022A103 /* ProductTableViewCell.swift in Sources */ = {isa = PBXBuildFile; fileRef = 0D670A2928053BEF0022A103 /* ProductTableViewCell.swift */; };
		0D670A2C28053C180022A103 /* MainViewController.swift in Sources */ = {isa = PBXBuildFile; fileRef = 0D670A2B28053C180022A103 /* MainViewController.swift */; };
		0D670A2E28053C400022A103 /* ImageLoader.swift in Sources */ = {isa = PBXBuildFile; fileRef = 0D670A2D28053C400022A103 /* ImageLoader.swift */; };
		0D670A3028053C670022A103 /* ProductListModel.swift in Sources */ = {isa = PBXBuildFile; fileRef = 0D670A2F28053C670022A103 /* ProductListModel.swift */; };
/* End PBXBuildFile section */

/* Begin PBXContainerItemProxy section */
		0D670A0728053AB30022A103 /* PBXContainerItemProxy */ = {
			isa = PBXContainerItemProxy;
			containerPortal = 0D6709E828053AB20022A103 /* Project object */;
			proxyType = 1;
			remoteGlobalIDString = 0D6709EF28053AB30022A103;
			remoteInfo = FiservAssignment;
		};
		0D670A1128053AB30022A103 /* PBXContainerItemProxy */ = {
			isa = PBXContainerItemProxy;
			containerPortal = 0D6709E828053AB20022A103 /* Project object */;
			proxyType = 1;
			remoteGlobalIDString = 0D6709EF28053AB30022A103;
			remoteInfo = FiservAssignment;
		};
/* End PBXContainerItemProxy section */

/* Begin PBXFileReference section */
		0D6709F028053AB30022A103 /* FiservAssignment.app */ = {isa = PBXFileReference; explicitFileType = wrapper.application; includeInIndex = 0; path = FiservAssignment.app; sourceTree = BUILT_PRODUCTS_DIR; };
		0D6709F328053AB30022A103 /* AppDelegate.swift */ = {isa = PBXFileReference; lastKnownFileType = sourcecode.swift; path = AppDelegate.swift; sourceTree = "<group>"; };
		0D6709F528053AB30022A103 /* SceneDelegate.swift */ = {isa = PBXFileReference; lastKnownFileType = sourcecode.swift; path = SceneDelegate.swift; sourceTree = "<group>"; };
		0D6709FA28053AB30022A103 /* Base */ = {isa = PBXFileReference; lastKnownFileType = file.storyboard; name = Base; path = Base.lproj/Main.storyboard; sourceTree = "<group>"; };
		0D6709FC28053AB30022A103 /* Assets.xcassets */ = {isa = PBXFileReference; lastKnownFileType = folder.assetcatalog; path = Assets.xcassets; sourceTree = "<group>"; };
		0D6709FF28053AB30022A103 /* Base */ = {isa = PBXFileReference; lastKnownFileType = file.storyboard; name = Base; path = Base.lproj/LaunchScreen.storyboard; sourceTree = "<group>"; };
		0D670A0128053AB30022A103 /* Info.plist */ = {isa = PBXFileReference; lastKnownFileType = text.plist.xml; path = Info.plist; sourceTree = "<group>"; };
		0D670A0628053AB30022A103 /* FiservAssignmentTests.xctest */ = {isa = PBXFileReference; explicitFileType = wrapper.cfbundle; includeInIndex = 0; path = FiservAssignmentTests.xctest; sourceTree = BUILT_PRODUCTS_DIR; };
		0D670A0A28053AB30022A103 /* FiservAssignmentTests.swift */ = {isa = PBXFileReference; lastKnownFileType = sourcecode.swift; path = FiservAssignmentTests.swift; sourceTree = "<group>"; };
		0D670A1028053AB30022A103 /* FiservAssignmentUITests.xctest */ = {isa = PBXFileReference; explicitFileType = wrapper.cfbundle; includeInIndex = 0; path = FiservAssignmentUITests.xctest; sourceTree = BUILT_PRODUCTS_DIR; };
		0D670A1428053AB30022A103 /* FiservAssignmentUITests.swift */ = {isa = PBXFileReference; lastKnownFileType = sourcecode.swift; path = FiservAssignmentUITests.swift; sourceTree = "<group>"; };
		0D670A1628053AB30022A103 /* FiservAssignmentUITestsLaunchTests.swift */ = {isa = PBXFileReference; lastKnownFileType = sourcecode.swift; path = FiservAssignmentUITestsLaunchTests.swift; sourceTree = "<group>"; };
		0D670A2328053B820022A103 /* ProductViewModel.swift */ = {isa = PBXFileReference; lastKnownFileType = sourcecode.swift; path = ProductViewModel.swift; sourceTree = "<group>"; };
		0D670A2528053BB10022A103 /* NetworkManager.swift */ = {isa = PBXFileReference; lastKnownFileType = sourcecode.swift; path = NetworkManager.swift; sourceTree = "<group>"; };
		0D670A2728053BCC0022A103 /* Constants.swift */ = {isa = PBXFileReference; lastKnownFileType = sourcecode.swift; path = Constants.swift; sourceTree = "<group>"; };
		0D670A2928053BEF0022A103 /* ProductTableViewCell.swift */ = {isa = PBXFileReference; lastKnownFileType = sourcecode.swift; path = ProductTableViewCell.swift; sourceTree = "<group>"; };
		0D670A2B28053C180022A103 /* MainViewController.swift */ = {isa = PBXFileReference; lastKnownFileType = sourcecode.swift; path = MainViewController.swift; sourceTree = "<group>"; };
		0D670A2D28053C400022A103 /* ImageLoader.swift */ = {isa = PBXFileReference; lastKnownFileType = sourcecode.swift; path = ImageLoader.swift; sourceTree = "<group>"; };
		0D670A2F28053C670022A103 /* ProductListModel.swift */ = {isa = PBXFileReference; lastKnownFileType = sourcecode.swift; path = ProductListModel.swift; sourceTree = "<group>"; };
/* End PBXFileReference section */

/* Begin PBXFrameworksBuildPhase section */
		0D6709ED28053AB30022A103 /* Frameworks */ = {
			isa = PBXFrameworksBuildPhase;
			buildActionMask = 2147483647;
			files = (
			);
			runOnlyForDeploymentPostprocessing = 0;
		};
		0D670A0328053AB30022A103 /* Frameworks */ = {
			isa = PBXFrameworksBuildPhase;
			buildActionMask = 2147483647;
			files = (
			);
			runOnlyForDeploymentPostprocessing = 0;
		};
		0D670A0D28053AB30022A103 /* Frameworks */ = {
			isa = PBXFrameworksBuildPhase;
			buildActionMask = 2147483647;
			files = (
			);
			runOnlyForDeploymentPostprocessing = 0;
		};
/* End PBXFrameworksBuildPhase section */

/* Begin PBXGroup section */
		0D6709E728053AB20022A103 = {
			isa = PBXGroup;
			children = (
				0D6709F228053AB30022A103 /* FiservAssignment */,
				0D670A0928053AB30022A103 /* FiservAssignmentTests */,
				0D670A1328053AB30022A103 /* FiservAssignmentUITests */,
				0D6709F128053AB30022A103 /* Products */,
			);
			sourceTree = "<group>";
		};
		0D6709F128053AB30022A103 /* Products */ = {
			isa = PBXGroup;
			children = (
				0D6709F028053AB30022A103 /* FiservAssignment.app */,
				0D670A0628053AB30022A103 /* FiservAssignmentTests.xctest */,
				0D670A1028053AB30022A103 /* FiservAssignmentUITests.xctest */,
			);
			name = Products;
			sourceTree = "<group>";
		};
		0D6709F228053AB30022A103 /* FiservAssignment */ = {
			isa = PBXGroup;
			children = (
				0D670A3528053D920022A103 /* AppDelegate */,
				0D670A3328053D6B0022A103 /* ViewModel */,
				0D670A3428053D7C0022A103 /* View */,
				0D670A3228053D5B0022A103 /* Model */,
				0D670A3128053D3E0022A103 /* Helper */,
				0D6709FC28053AB30022A103 /* Assets.xcassets */,
				0D6709FE28053AB30022A103 /* LaunchScreen.storyboard */,
				0D670A0128053AB30022A103 /* Info.plist */,
			);
			path = FiservAssignment;
			sourceTree = "<group>";
		};
		0D670A0928053AB30022A103 /* FiservAssignmentTests */ = {
			isa = PBXGroup;
			children = (
				0D670A0A28053AB30022A103 /* FiservAssignmentTests.swift */,
			);
			path = FiservAssignmentTests;
			sourceTree = "<group>";
		};
		0D670A1328053AB30022A103 /* FiservAssignmentUITests */ = {
			isa = PBXGroup;
			children = (
				0D670A1428053AB30022A103 /* FiservAssignmentUITests.swift */,
				0D670A1628053AB30022A103 /* FiservAssignmentUITestsLaunchTests.swift */,
			);
			path = FiservAssignmentUITests;
			sourceTree = "<group>";
		};
		0D670A3128053D3E0022A103 /* Helper */ = {
			isa = PBXGroup;
			children = (
				0D670A2528053BB10022A103 /* NetworkManager.swift */,
				0D670A2728053BCC0022A103 /* Constants.swift */,
				0D670A2D28053C400022A103 /* ImageLoader.swift */,
			);
			path = Helper;
			sourceTree = "<group>";
		};
		0D670A3228053D5B0022A103 /* Model */ = {
			isa = PBXGroup;
			children = (
				0D670A2F28053C670022A103 /* ProductListModel.swift */,
			);
			path = Model;
			sourceTree = "<group>";
		};
		0D670A3328053D6B0022A103 /* ViewModel */ = {
			isa = PBXGroup;
			children = (
				0D670A2328053B820022A103 /* ProductViewModel.swift */,
			);
			path = ViewModel;
			sourceTree = "<group>";
		};
		0D670A3428053D7C0022A103 /* View */ = {
			isa = PBXGroup;
			children = (
				0D670A2928053BEF0022A103 /* ProductTableViewCell.swift */,
				0D670A2B28053C180022A103 /* MainViewController.swift */,
				0D6709F928053AB30022A103 /* Main.storyboard */,
			);
			path = View;
			sourceTree = "<group>";
		};
		0D670A3528053D920022A103 /* AppDelegate */ = {
			isa = PBXGroup;
			children = (
				0D6709F328053AB30022A103 /* AppDelegate.swift */,
				0D6709F528053AB30022A103 /* SceneDelegate.swift */,
			);
			path = AppDelegate;
			sourceTree = "<group>";
		};
/* End PBXGroup section */

/* Begin PBXNativeTarget section */
		0D6709EF28053AB30022A103 /* FiservAssignment */ = {
			isa = PBXNativeTarget;
			buildConfigurationList = 0D670A1A28053AB30022A103 /* Build configuration list for PBXNativeTarget "FiservAssignment" */;
			buildPhases = (
				0D6709EC28053AB30022A103 /* Sources */,
				0D6709ED28053AB30022A103 /* Frameworks */,
				0D6709EE28053AB30022A103 /* Resources */,
			);
			buildRules = (
			);
			dependencies = (
			);
			name = FiservAssignment;
			productName = FiservAssignment;
			productReference = 0D6709F028053AB30022A103 /* FiservAssignment.app */;
			productType = "com.apple.product-type.application";
		};
		0D670A0528053AB30022A103 /* FiservAssignmentTests */ = {
			isa = PBXNativeTarget;
			buildConfigurationList = 0D670A1D28053AB30022A103 /* Build configuration list for PBXNativeTarget "FiservAssignmentTests" */;
			buildPhases = (
				0D670A0228053AB30022A103 /* Sources */,
				0D670A0328053AB30022A103 /* Frameworks */,
				0D670A0428053AB30022A103 /* Resources */,
			);
			buildRules = (
			);
			dependencies = (
				0D670A0828053AB30022A103 /* PBXTargetDependency */,
			);
			name = FiservAssignmentTests;
			productName = FiservAssignmentTests;
			productReference = 0D670A0628053AB30022A103 /* FiservAssignmentTests.xctest */;
			productType = "com.apple.product-type.bundle.unit-test";
		};
		0D670A0F28053AB30022A103 /* FiservAssignmentUITests */ = {
			isa = PBXNativeTarget;
			buildConfigurationList = 0D670A2028053AB30022A103 /* Build configuration list for PBXNativeTarget "FiservAssignmentUITests" */;
			buildPhases = (
				0D670A0C28053AB30022A103 /* Sources */,
				0D670A0D28053AB30022A103 /* Frameworks */,
				0D670A0E28053AB30022A103 /* Resources */,
			);
			buildRules = (
			);
			dependencies = (
				0D670A1228053AB30022A103 /* PBXTargetDependency */,
			);
			name = FiservAssignmentUITests;
			productName = FiservAssignmentUITests;
			productReference = 0D670A1028053AB30022A103 /* FiservAssignmentUITests.xctest */;
			productType = "com.apple.product-type.bundle.ui-testing";
		};
/* End PBXNativeTarget section */

/* Begin PBXProject section */
		0D6709E828053AB20022A103 /* Project object */ = {
			isa = PBXProject;
			attributes = {
				BuildIndependentTargetsInParallel = 1;
				LastSwiftUpdateCheck = 1300;
				LastUpgradeCheck = 1300;
				TargetAttributes = {
					0D6709EF28053AB30022A103 = {
						CreatedOnToolsVersion = 13.0;
					};
					0D670A0528053AB30022A103 = {
						CreatedOnToolsVersion = 13.0;
						TestTargetID = 0D6709EF28053AB30022A103;
					};
					0D670A0F28053AB30022A103 = {
						CreatedOnToolsVersion = 13.0;
						TestTargetID = 0D6709EF28053AB30022A103;
					};
				};
			};
			buildConfigurationList = 0D6709EB28053AB20022A103 /* Build configuration list for PBXProject "FiservAssignment" */;
			compatibilityVersion = "Xcode 13.0";
			developmentRegion = en;
			hasScannedForEncodings = 0;
			knownRegions = (
				en,
				Base,
			);
			mainGroup = 0D6709E728053AB20022A103;
			productRefGroup = 0D6709F128053AB30022A103 /* Products */;
			projectDirPath = "";
			projectRoot = "";
			targets = (
				0D6709EF28053AB30022A103 /* FiservAssignment */,
				0D670A0528053AB30022A103 /* FiservAssignmentTests */,
				0D670A0F28053AB30022A103 /* FiservAssignmentUITests */,
			);
		};
/* End PBXProject section */

/* Begin PBXResourcesBuildPhase section */
		0D6709EE28053AB30022A103 /* Resources */ = {
			isa = PBXResourcesBuildPhase;
			buildActionMask = 2147483647;
			files = (
				0D670A0028053AB30022A103 /* LaunchScreen.storyboard in Resources */,
				0D6709FD28053AB30022A103 /* Assets.xcassets in Resources */,
				0D6709FB28053AB30022A103 /* Main.storyboard in Resources */,
			);
			runOnlyForDeploymentPostprocessing = 0;
		};
		0D670A0428053AB30022A103 /* Resources */ = {
			isa = PBXResourcesBuildPhase;
			buildActionMask = 2147483647;
			files = (
			);
			runOnlyForDeploymentPostprocessing = 0;
		};
		0D670A0E28053AB30022A103 /* Resources */ = {
			isa = PBXResourcesBuildPhase;
			buildActionMask = 2147483647;
			files = (
			);
			runOnlyForDeploymentPostprocessing = 0;
		};
/* End PBXResourcesBuildPhase section */

/* Begin PBXSourcesBuildPhase section */
		0D6709EC28053AB30022A103 /* Sources */ = {
			isa = PBXSourcesBuildPhase;
			buildActionMask = 2147483647;
			files = (
				0D670A3028053C670022A103 /* ProductListModel.swift in Sources */,
				0D6709F428053AB30022A103 /* AppDelegate.swift in Sources */,
				0D670A2A28053BEF0022A103 /* ProductTableViewCell.swift in Sources */,
				0D670A2628053BB10022A103 /* NetworkManager.swift in Sources */,
				0D670A2428053B820022A103 /* ProductViewModel.swift in Sources */,
				0D670A2E28053C400022A103 /* ImageLoader.swift in Sources */,
				0D6709F628053AB30022A103 /* SceneDelegate.swift in Sources */,
				0D670A2828053BCC0022A103 /* Constants.swift in Sources */,
				0D670A2C28053C180022A103 /* MainViewController.swift in Sources */,
			);
			runOnlyForDeploymentPostprocessing = 0;
		};
		0D670A0228053AB30022A103 /* Sources */ = {
			isa = PBXSourcesBuildPhase;
			buildActionMask = 2147483647;
			files = (
				0D670A0B28053AB30022A103 /* FiservAssignmentTests.swift in Sources */,
			);
			runOnlyForDeploymentPostprocessing = 0;
		};
		0D670A0C28053AB30022A103 /* Sources */ = {
			isa = PBXSourcesBuildPhase;
			buildActionMask = 2147483647;
			files = (
				0D670A1728053AB30022A103 /* FiservAssignmentUITestsLaunchTests.swift in Sources */,
				0D670A1528053AB30022A103 /* FiservAssignmentUITests.swift in Sources */,
			);
			runOnlyForDeploymentPostprocessing = 0;
		};
/* End PBXSourcesBuildPhase section */

/* Begin PBXTargetDependency section */
		0D670A0828053AB30022A103 /* PBXTargetDependency */ = {
			isa = PBXTargetDependency;
			target = 0D6709EF28053AB30022A103 /* FiservAssignment */;
			targetProxy = 0D670A0728053AB30022A103 /* PBXContainerItemProxy */;
		};
		0D670A1228053AB30022A103 /* PBXTargetDependency */ = {
			isa = PBXTargetDependency;
			target = 0D6709EF28053AB30022A103 /* FiservAssignment */;
			targetProxy = 0D670A1128053AB30022A103 /* PBXContainerItemProxy */;
		};
/* End PBXTargetDependency section */

/* Begin PBXVariantGroup section */
		0D6709F928053AB30022A103 /* Main.storyboard */ = {
			isa = PBXVariantGroup;
			children = (
				0D6709FA28053AB30022A103 /* Base */,
			);
			name = Main.storyboard;
			sourceTree = "<group>";
		};
		0D6709FE28053AB30022A103 /* LaunchScreen.storyboard */ = {
			isa = PBXVariantGroup;
			children = (
				0D6709FF28053AB30022A103 /* Base */,
			);
			name = LaunchScreen.storyboard;
			sourceTree = "<group>";
		};
/* End PBXVariantGroup section */

/* Begin XCBuildConfiguration section */
		0D670A1828053AB30022A103 /* Debug */ = {
			isa = XCBuildConfiguration;
			buildSettings = {
				ALWAYS_SEARCH_USER_PATHS = NO;
				CLANG_ANALYZER_NONNULL = YES;
				CLANG_ANALYZER_NUMBER_OBJECT_CONVERSION = YES_AGGRESSIVE;
				CLANG_CXX_LANGUAGE_STANDARD = "gnu++17";
				CLANG_CXX_LIBRARY = "libc++";
				CLANG_ENABLE_MODULES = YES;
				CLANG_ENABLE_OBJC_ARC = YES;
				CLANG_ENABLE_OBJC_WEAK = YES;
				CLANG_WARN_BLOCK_CAPTURE_AUTORELEASING = YES;
				CLANG_WARN_BOOL_CONVERSION = YES;
				CLANG_WARN_COMMA = YES;
				CLANG_WARN_CONSTANT_CONVERSION = YES;
				CLANG_WARN_DEPRECATED_OBJC_IMPLEMENTATIONS = YES;
				CLANG_WARN_DIRECT_OBJC_ISA_USAGE = YES_ERROR;
				CLANG_WARN_DOCUMENTATION_COMMENTS = YES;
				CLANG_WARN_EMPTY_BODY = YES;
				CLANG_WARN_ENUM_CONVERSION = YES;
				CLANG_WARN_INFINITE_RECURSION = YES;
				CLANG_WARN_INT_CONVERSION = YES;
				CLANG_WARN_NON_LITERAL_NULL_CONVERSION = YES;
				CLANG_WARN_OBJC_IMPLICIT_RETAIN_SELF = YES;
				CLANG_WARN_OBJC_LITERAL_CONVERSION = YES;
				CLANG_WARN_OBJC_ROOT_CLASS = YES_ERROR;
				CLANG_WARN_QUOTED_INCLUDE_IN_FRAMEWORK_HEADER = YES;
				CLANG_WARN_RANGE_LOOP_ANALYSIS = YES;
				CLANG_WARN_STRICT_PROTOTYPES = YES;
				CLANG_WARN_SUSPICIOUS_MOVE = YES;
				CLANG_WARN_UNGUARDED_AVAILABILITY = YES_AGGRESSIVE;
				CLANG_WARN_UNREACHABLE_CODE = YES;
				CLANG_WARN__DUPLICATE_METHOD_MATCH = YES;
				COPY_PHASE_STRIP = NO;
				DEBUG_INFORMATION_FORMAT = dwarf;
				ENABLE_STRICT_OBJC_MSGSEND = YES;
				ENABLE_TESTABILITY = YES;
				GCC_C_LANGUAGE_STANDARD = gnu11;
				GCC_DYNAMIC_NO_PIC = NO;
				GCC_NO_COMMON_BLOCKS = YES;
				GCC_OPTIMIZATION_LEVEL = 0;
				GCC_PREPROCESSOR_DEFINITIONS = (
					"DEBUG=1",
					"$(inherited)",
				);
				GCC_WARN_64_TO_32_BIT_CONVERSION = YES;
				GCC_WARN_ABOUT_RETURN_TYPE = YES_ERROR;
				GCC_WARN_UNDECLARED_SELECTOR = YES;
				GCC_WARN_UNINITIALIZED_AUTOS = YES_AGGRESSIVE;
				GCC_WARN_UNUSED_FUNCTION = YES;
				GCC_WARN_UNUSED_VARIABLE = YES;
				IPHONEOS_DEPLOYMENT_TARGET = 15.0;
				MTL_ENABLE_DEBUG_INFO = INCLUDE_SOURCE;
				MTL_FAST_MATH = YES;
				ONLY_ACTIVE_ARCH = YES;
				SDKROOT = iphoneos;
				SWIFT_ACTIVE_COMPILATION_CONDITIONS = DEBUG;
				SWIFT_OPTIMIZATION_LEVEL = "-Onone";
			};
			name = Debug;
		};
		0D670A1928053AB30022A103 /* Release */ = {
			isa = XCBuildConfiguration;
			buildSettings = {
				ALWAYS_SEARCH_USER_PATHS = NO;
				CLANG_ANALYZER_NONNULL = YES;
				CLANG_ANALYZER_NUMBER_OBJECT_CONVERSION = YES_AGGRESSIVE;
				CLANG_CXX_LANGUAGE_STANDARD = "gnu++17";
				CLANG_CXX_LIBRARY = "libc++";
				CLANG_ENABLE_MODULES = YES;
				CLANG_ENABLE_OBJC_ARC = YES;
				CLANG_ENABLE_OBJC_WEAK = YES;
				CLANG_WARN_BLOCK_CAPTURE_AUTORELEASING = YES;
				CLANG_WARN_BOOL_CONVERSION = YES;
				CLANG_WARN_COMMA = YES;
				CLANG_WARN_CONSTANT_CONVERSION = YES;
				CLANG_WARN_DEPRECATED_OBJC_IMPLEMENTATIONS = YES;
				CLANG_WARN_DIRECT_OBJC_ISA_USAGE = YES_ERROR;
				CLANG_WARN_DOCUMENTATION_COMMENTS = YES;
				CLANG_WARN_EMPTY_BODY = YES;
				CLANG_WARN_ENUM_CONVERSION = YES;
				CLANG_WARN_INFINITE_RECURSION = YES;
				CLANG_WARN_INT_CONVERSION = YES;
				CLANG_WARN_NON_LITERAL_NULL_CONVERSION = YES;
				CLANG_WARN_OBJC_IMPLICIT_RETAIN_SELF = YES;
				CLANG_WARN_OBJC_LITERAL_CONVERSION = YES;
				CLANG_WARN_OBJC_ROOT_CLASS = YES_ERROR;
				CLANG_WARN_QUOTED_INCLUDE_IN_FRAMEWORK_HEADER = YES;
				CLANG_WARN_RANGE_LOOP_ANALYSIS = YES;
				CLANG_WARN_STRICT_PROTOTYPES = YES;
				CLANG_WARN_SUSPICIOUS_MOVE = YES;
				CLANG_WARN_UNGUARDED_AVAILABILITY = YES_AGGRESSIVE;
				CLANG_WARN_UNREACHABLE_CODE = YES;
				CLANG_WARN__DUPLICATE_METHOD_MATCH = YES;
				COPY_PHASE_STRIP = NO;
				DEBUG_INFORMATION_FORMAT = "dwarf-with-dsym";
				ENABLE_NS_ASSERTIONS = NO;
				ENABLE_STRICT_OBJC_MSGSEND = YES;
				GCC_C_LANGUAGE_STANDARD = gnu11;
				GCC_NO_COMMON_BLOCKS = YES;
				GCC_WARN_64_TO_32_BIT_CONVERSION = YES;
				GCC_WARN_ABOUT_RETURN_TYPE = YES_ERROR;
				GCC_WARN_UNDECLARED_SELECTOR = YES;
				GCC_WARN_UNINITIALIZED_AUTOS = YES_AGGRESSIVE;
				GCC_WARN_UNUSED_FUNCTION = YES;
				GCC_WARN_UNUSED_VARIABLE = YES;
				IPHONEOS_DEPLOYMENT_TARGET = 15.0;
				MTL_ENABLE_DEBUG_INFO = NO;
				MTL_FAST_MATH = YES;
				SDKROOT = iphoneos;
				SWIFT_COMPILATION_MODE = wholemodule;
				SWIFT_OPTIMIZATION_LEVEL = "-O";
				VALIDATE_PRODUCT = YES;
			};
			name = Release;
		};
		0D670A1B28053AB30022A103 /* Debug */ = {
			isa = XCBuildConfiguration;
			buildSettings = {
				ASSETCATALOG_COMPILER_APPICON_NAME = AppIcon;
				ASSETCATALOG_COMPILER_GLOBAL_ACCENT_COLOR_NAME = AccentColor;
				CODE_SIGN_STYLE = Automatic;
				CURRENT_PROJECT_VERSION = 1;
				GENERATE_INFOPLIST_FILE = YES;
				INFOPLIST_FILE = FiservAssignment/Info.plist;
				INFOPLIST_KEY_UIApplicationSupportsIndirectInputEvents = YES;
				INFOPLIST_KEY_UILaunchStoryboardName = LaunchScreen;
				INFOPLIST_KEY_UIMainStoryboardFile = Main;
				INFOPLIST_KEY_UISupportedInterfaceOrientations_iPad = "UIInterfaceOrientationPortrait UIInterfaceOrientationPortraitUpsideDown UIInterfaceOrientationLandscapeLeft UIInterfaceOrientationLandscapeRight";
				INFOPLIST_KEY_UISupportedInterfaceOrientations_iPhone = "UIInterfaceOrientationPortrait UIInterfaceOrientationLandscapeLeft UIInterfaceOrientationLandscapeRight";
				LD_RUNPATH_SEARCH_PATHS = (
					"$(inherited)",
					"@executable_path/Frameworks",
				);
				MARKETING_VERSION = 1.0;
				PRODUCT_BUNDLE_IDENTIFIER = com.test.FiservAssignment;
				PRODUCT_NAME = "$(TARGET_NAME)";
				SWIFT_EMIT_LOC_STRINGS = YES;
				SWIFT_VERSION = 5.0;
				TARGETED_DEVICE_FAMILY = "1,2";
			};
			name = Debug;
		};
		0D670A1C28053AB30022A103 /* Release */ = {
			isa = XCBuildConfiguration;
			buildSettings = {
				ASSETCATALOG_COMPILER_APPICON_NAME = AppIcon;
				ASSETCATALOG_COMPILER_GLOBAL_ACCENT_COLOR_NAME = AccentColor;
				CODE_SIGN_STYLE = Automatic;
				CURRENT_PROJECT_VERSION = 1;
				GENERATE_INFOPLIST_FILE = YES;
				INFOPLIST_FILE = FiservAssignment/Info.plist;
				INFOPLIST_KEY_UIApplicationSupportsIndirectInputEvents = YES;
				INFOPLIST_KEY_UILaunchStoryboardName = LaunchScreen;
				INFOPLIST_KEY_UIMainStoryboardFile = Main;
				INFOPLIST_KEY_UISupportedInterfaceOrientations_iPad = "UIInterfaceOrientationPortrait UIInterfaceOrientationPortraitUpsideDown UIInterfaceOrientationLandscapeLeft UIInterfaceOrientationLandscapeRight";
				INFOPLIST_KEY_UISupportedInterfaceOrientations_iPhone = "UIInterfaceOrientationPortrait UIInterfaceOrientationLandscapeLeft UIInterfaceOrientationLandscapeRight";
				LD_RUNPATH_SEARCH_PATHS = (
					"$(inherited)",
					"@executable_path/Frameworks",
				);
				MARKETING_VERSION = 1.0;
				PRODUCT_BUNDLE_IDENTIFIER = com.test.FiservAssignment;
				PRODUCT_NAME = "$(TARGET_NAME)";
				SWIFT_EMIT_LOC_STRINGS = YES;
				SWIFT_VERSION = 5.0;
				TARGETED_DEVICE_FAMILY = "1,2";
			};
			name = Release;
		};
		0D670A1E28053AB30022A103 /* Debug */ = {
			isa = XCBuildConfiguration;
			buildSettings = {
				ALWAYS_EMBED_SWIFT_STANDARD_LIBRARIES = YES;
				BUNDLE_LOADER = "$(TEST_HOST)";
				CODE_SIGN_STYLE = Automatic;
				CURRENT_PROJECT_VERSION = 1;
				GENERATE_INFOPLIST_FILE = YES;
				IPHONEOS_DEPLOYMENT_TARGET = 15.0;
				LD_RUNPATH_SEARCH_PATHS = (
					"$(inherited)",
					"@executable_path/Frameworks",
					"@loader_path/Frameworks",
				);
				MARKETING_VERSION = 1.0;
				PRODUCT_BUNDLE_IDENTIFIER = com.test.FiservAssignmentTests;
				PRODUCT_NAME = "$(TARGET_NAME)";
				SWIFT_EMIT_LOC_STRINGS = NO;
				SWIFT_VERSION = 5.0;
				TARGETED_DEVICE_FAMILY = "1,2";
				TEST_HOST = "$(BUILT_PRODUCTS_DIR)/FiservAssignment.app/FiservAssignment";
			};
			name = Debug;
		};
		0D670A1F28053AB30022A103 /* Release */ = {
			isa = XCBuildConfiguration;
			buildSettings = {
				ALWAYS_EMBED_SWIFT_STANDARD_LIBRARIES = YES;
				BUNDLE_LOADER = "$(TEST_HOST)";
				CODE_SIGN_STYLE = Automatic;
				CURRENT_PROJECT_VERSION = 1;
				GENERATE_INFOPLIST_FILE = YES;
				IPHONEOS_DEPLOYMENT_TARGET = 15.0;
				LD_RUNPATH_SEARCH_PATHS = (
					"$(inherited)",
					"@executable_path/Frameworks",
					"@loader_path/Frameworks",
				);
				MARKETING_VERSION = 1.0;
				PRODUCT_BUNDLE_IDENTIFIER = com.test.FiservAssignmentTests;
				PRODUCT_NAME = "$(TARGET_NAME)";
				SWIFT_EMIT_LOC_STRINGS = NO;
				SWIFT_VERSION = 5.0;
				TARGETED_DEVICE_FAMILY = "1,2";
				TEST_HOST = "$(BUILT_PRODUCTS_DIR)/FiservAssignment.app/FiservAssignment";
			};
			name = Release;
		};
		0D670A2128053AB30022A103 /* Debug */ = {
			isa = XCBuildConfiguration;
			buildSettings = {
				ALWAYS_EMBED_SWIFT_STANDARD_LIBRARIES = YES;
				CODE_SIGN_STYLE = Automatic;
				CURRENT_PROJECT_VERSION = 1;
				GENERATE_INFOPLIST_FILE = YES;
				LD_RUNPATH_SEARCH_PATHS = (
					"$(inherited)",
					"@executable_path/Frameworks",
					"@loader_path/Frameworks",
				);
				MARKETING_VERSION = 1.0;
				PRODUCT_BUNDLE_IDENTIFIER = com.test.FiservAssignmentUITests;
				PRODUCT_NAME = "$(TARGET_NAME)";
				SWIFT_EMIT_LOC_STRINGS = NO;
				SWIFT_VERSION = 5.0;
				TARGETED_DEVICE_FAMILY = "1,2";
				TEST_TARGET_NAME = FiservAssignment;
			};
			name = Debug;
		};
		0D670A2228053AB30022A103 /* Release */ = {
			isa = XCBuildConfiguration;
			buildSettings = {
				ALWAYS_EMBED_SWIFT_STANDARD_LIBRARIES = YES;
				CODE_SIGN_STYLE = Automatic;
				CURRENT_PROJECT_VERSION = 1;
				GENERATE_INFOPLIST_FILE = YES;
				LD_RUNPATH_SEARCH_PATHS = (
					"$(inherited)",
					"@executable_path/Frameworks",
					"@loader_path/Frameworks",
				);
				MARKETING_VERSION = 1.0;
				PRODUCT_BUNDLE_IDENTIFIER = com.test.FiservAssignmentUITests;
				PRODUCT_NAME = "$(TARGET_NAME)";
				SWIFT_EMIT_LOC_STRINGS = NO;
				SWIFT_VERSION = 5.0;
				TARGETED_DEVICE_FAMILY = "1,2";
				TEST_TARGET_NAME = FiservAssignment;
			};
			name = Release;
		};
/* End XCBuildConfiguration section */

/* Begin XCConfigurationList section */
		0D6709EB28053AB20022A103 /* Build configuration list for PBXProject "FiservAssignment" */ = {
			isa = XCConfigurationList;
			buildConfigurations = (
				0D670A1828053AB30022A103 /* Debug */,
				0D670A1928053AB30022A103 /* Release */,
			);
			defaultConfigurationIsVisible = 0;
			defaultConfigurationName = Release;
		};
		0D670A1A28053AB30022A103 /* Build configuration list for PBXNativeTarget "FiservAssignment" */ = {
			isa = XCConfigurationList;
			buildConfigurations = (
				0D670A1B28053AB30022A103 /* Debug */,
				0D670A1C28053AB30022A103 /* Release */,
			);
			defaultConfigurationIsVisible = 0;
			defaultConfigurationName = Release;
		};
		0D670A1D28053AB30022A103 /* Build configuration list for PBXNativeTarget "FiservAssignmentTests" */ = {
			isa = XCConfigurationList;
			buildConfigurations = (
				0D670A1E28053AB30022A103 /* Debug */,
				0D670A1F28053AB30022A103 /* Release */,
			);
			defaultConfigurationIsVisible = 0;
			defaultConfigurationName = Release;
		};
		0D670A2028053AB30022A103 /* Build configuration list for PBXNativeTarget "FiservAssignmentUITests" */ = {
			isa = XCConfigurationList;
			buildConfigurations = (
				0D670A2128053AB30022A103 /* Debug */,
				0D670A2228053AB30022A103 /* Release */,
			);
			defaultConfigurationIsVisible = 0;
			defaultConfigurationName = Release;
		};
/* End XCConfigurationList section */
	};
	rootObject = 0D6709E828053AB20022A103 /* Project object */;
}
